
Microsoft Visual Studio Solution File, Format Version 12.00
# Visual Studio Version 17
VisualStudioVersion = 17.4.33205.214
MinimumVisualStudioVersion = 10.0.40219.1
Project("{FAE04EC0-301F-11D3-BF4B-00C04F79EFBC}") = "Sierov_D_KN-2-3", "Sierov_D_KN-2-3\Sierov_D_KN-2-3.csproj", "{2932F954-FC56-4565-A91B-2ACFD9BF8750}"
EndProject
Global
	GlobalSection(SolutionConfigurationPlatforms) = preSolution
		Debug|Any CPU = Debug|Any CPU
		Release|Any CPU = Release|Any CPU
	EndGlobalSection
	GlobalSection(ProjectConfigurationPlatforms) = postSolution
		{2932F954-FC56-4565-A91B-2ACFD9BF8750}.Debug|Any CPU.ActiveCfg = Debug|Any CPU
		{2932F954-FC56-4565-A91B-2ACFD9BF8750}.Debug|Any CPU.Build.0 = Debug|Any CPU
		{2932F954-FC56-4565-A91B-2ACFD9BF8750}.Release|Any CPU.ActiveCfg = Release|Any CPU
		{2932F954-FC56-4565-A91B-2ACFD9BF8750}.Release|Any CPU.Build.0 = Release|Any CPU
	EndGlobalSection
	GlobalSection(SolutionProperties) = preSolution
		HideSolutionNode = FALSE
	EndGlobalSection
	GlobalSection(ExtensibilityGlobals) = postSolution
		SolutionGuid = {F09827C8-2EA3-4404-88EB-6619EF79B72F}
	EndGlobalSection
EndGlobal
